// !$*UTF8*$!
{
	archiveVersion = 1;
	classes = {
	};
	objectVersion = 56;
	objects = {

/* Begin PBXBuildFile section */
		9D1D168229509F140002BC27 /* ProgressBar.swift in Sources */ = {isa = PBXBuildFile; fileRef = 9D1D168129509F140002BC27 /* ProgressBar.swift */; };
		9D50A60429533D2E009C9388 /* ImagePicker.swift in Sources */ = {isa = PBXBuildFile; fileRef = 9D50A60329533D2E009C9388 /* ImagePicker.swift */; };
		9DAEDD59294BBAAE006EB156 /* Be_PositiveApp.swift in Sources */ = {isa = PBXBuildFile; fileRef = 9DAEDD58294BBAAE006EB156 /* Be_PositiveApp.swift */; };
		9DAEDD5B294BBAAE006EB156 /* ContentView.swift in Sources */ = {isa = PBXBuildFile; fileRef = 9DAEDD5A294BBAAE006EB156 /* ContentView.swift */; };
		9DAEDD5D294BBAAF006EB156 /* Assets.xcassets in Resources */ = {isa = PBXBuildFile; fileRef = 9DAEDD5C294BBAAF006EB156 /* Assets.xcassets */; };
		9DAEDD60294BBAAF006EB156 /* Preview Assets.xcassets in Resources */ = {isa = PBXBuildFile; fileRef = 9DAEDD5F294BBAAF006EB156 /* Preview Assets.xcassets */; };
		9DAEDD6A294BBAAF006EB156 /* Be_PositiveTests.swift in Sources */ = {isa = PBXBuildFile; fileRef = 9DAEDD69294BBAAF006EB156 /* Be_PositiveTests.swift */; };
		9DAEDD74294BBAAF006EB156 /* Be_PositiveUITests.swift in Sources */ = {isa = PBXBuildFile; fileRef = 9DAEDD73294BBAAF006EB156 /* Be_PositiveUITests.swift */; };
		9DAEDD76294BBAAF006EB156 /* Be_PositiveUITestsLaunchTests.swift in Sources */ = {isa = PBXBuildFile; fileRef = 9DAEDD75294BBAAF006EB156 /* Be_PositiveUITestsLaunchTests.swift */; };
		9DAEDD83294BBAC1006EB156 /* HomeView.swift in Sources */ = {isa = PBXBuildFile; fileRef = 9DAEDD82294BBAC1006EB156 /* HomeView.swift */; };
		9DAEDD85294BBB03006EB156 /* StoryView.swift in Sources */ = {isa = PBXBuildFile; fileRef = 9DAEDD84294BBB03006EB156 /* StoryView.swift */; };
		9DAEDD87294BBB50006EB156 /* StoryViewModel.swift in Sources */ = {isa = PBXBuildFile; fileRef = 9DAEDD86294BBB50006EB156 /* StoryViewModel.swift */; };
		9DAEDD89294BBB80006EB156 /* StoryBundle.swift in Sources */ = {isa = PBXBuildFile; fileRef = 9DAEDD88294BBB80006EB156 /* StoryBundle.swift */; };
		9DAEDD8B294BBBBF006EB156 /* ProfileView.swift in Sources */ = {isa = PBXBuildFile; fileRef = 9DAEDD8A294BBBBF006EB156 /* ProfileView.swift */; };
		9DAEDD8D294BBC13006EB156 /* CommentView.swift in Sources */ = {isa = PBXBuildFile; fileRef = 9DAEDD8C294BBC13006EB156 /* CommentView.swift */; };
		9DAEDD8F294BBCCF006EB156 /* ProfilePic.jpg in Resources */ = {isa = PBXBuildFile; fileRef = 9DAEDD8E294BBCCF006EB156 /* ProfilePic.jpg */; };
		9DAEDD91294BBCDC006EB156 /* EmptyTv.png in Resources */ = {isa = PBXBuildFile; fileRef = 9DAEDD90294BBCDC006EB156 /* EmptyTv.png */; };
		9DAEDD93294CAEBE006EB156 /* SettingsView.swift in Sources */ = {isa = PBXBuildFile; fileRef = 9DAEDD92294CAEBE006EB156 /* SettingsView.swift */; };
/* End PBXBuildFile section */

/* Begin PBXContainerItemProxy section */
		9DAEDD66294BBAAF006EB156 /* PBXContainerItemProxy */ = {
			isa = PBXContainerItemProxy;
			containerPortal = 9DAEDD4D294BBAAE006EB156 /* Project object */;
			proxyType = 1;
			remoteGlobalIDString = 9DAEDD54294BBAAE006EB156;
			remoteInfo = "Be Positive";
		};
		9DAEDD70294BBAAF006EB156 /* PBXContainerItemProxy */ = {
			isa = PBXContainerItemProxy;
			containerPortal = 9DAEDD4D294BBAAE006EB156 /* Project object */;
			proxyType = 1;
			remoteGlobalIDString = 9DAEDD54294BBAAE006EB156;
			remoteInfo = "Be Positive";
		};
/* End PBXContainerItemProxy section */

/* Begin PBXFileReference section */
		9D1D168129509F140002BC27 /* ProgressBar.swift */ = {isa = PBXFileReference; lastKnownFileType = sourcecode.swift; path = ProgressBar.swift; sourceTree = "<group>"; };
		9D50A60329533D2E009C9388 /* ImagePicker.swift */ = {isa = PBXFileReference; lastKnownFileType = sourcecode.swift; path = ImagePicker.swift; sourceTree = "<group>"; };
		9DAEDD55294BBAAE006EB156 /* Be Positive.app */ = {isa = PBXFileReference; explicitFileType = wrapper.application; includeInIndex = 0; path = "Be Positive.app"; sourceTree = BUILT_PRODUCTS_DIR; };
		9DAEDD58294BBAAE006EB156 /* Be_PositiveApp.swift */ = {isa = PBXFileReference; lastKnownFileType = sourcecode.swift; path = Be_PositiveApp.swift; sourceTree = "<group>"; };
		9DAEDD5A294BBAAE006EB156 /* ContentView.swift */ = {isa = PBXFileReference; lastKnownFileType = sourcecode.swift; path = ContentView.swift; sourceTree = "<group>"; };
		9DAEDD5C294BBAAF006EB156 /* Assets.xcassets */ = {isa = PBXFileReference; lastKnownFileType = folder.assetcatalog; path = Assets.xcassets; sourceTree = "<group>"; };
		9DAEDD5F294BBAAF006EB156 /* Preview Assets.xcassets */ = {isa = PBXFileReference; lastKnownFileType = folder.assetcatalog; path = "Preview Assets.xcassets"; sourceTree = "<group>"; };
		9DAEDD65294BBAAF006EB156 /* Be PositiveTests.xctest */ = {isa = PBXFileReference; explicitFileType = wrapper.cfbundle; includeInIndex = 0; path = "Be PositiveTests.xctest"; sourceTree = BUILT_PRODUCTS_DIR; };
		9DAEDD69294BBAAF006EB156 /* Be_PositiveTests.swift */ = {isa = PBXFileReference; lastKnownFileType = sourcecode.swift; path = Be_PositiveTests.swift; sourceTree = "<group>"; };
		9DAEDD6F294BBAAF006EB156 /* Be PositiveUITests.xctest */ = {isa = PBXFileReference; explicitFileType = wrapper.cfbundle; includeInIndex = 0; path = "Be PositiveUITests.xctest"; sourceTree = BUILT_PRODUCTS_DIR; };
		9DAEDD73294BBAAF006EB156 /* Be_PositiveUITests.swift */ = {isa = PBXFileReference; lastKnownFileType = sourcecode.swift; path = Be_PositiveUITests.swift; sourceTree = "<group>"; };
		9DAEDD75294BBAAF006EB156 /* Be_PositiveUITestsLaunchTests.swift */ = {isa = PBXFileReference; lastKnownFileType = sourcecode.swift; path = Be_PositiveUITestsLaunchTests.swift; sourceTree = "<group>"; };
		9DAEDD82294BBAC1006EB156 /* HomeView.swift */ = {isa = PBXFileReference; lastKnownFileType = sourcecode.swift; path = HomeView.swift; sourceTree = "<group>"; };
		9DAEDD84294BBB03006EB156 /* StoryView.swift */ = {isa = PBXFileReference; lastKnownFileType = sourcecode.swift; path = StoryView.swift; sourceTree = "<group>"; };
		9DAEDD86294BBB50006EB156 /* StoryViewModel.swift */ = {isa = PBXFileReference; lastKnownFileType = sourcecode.swift; path = StoryViewModel.swift; sourceTree = "<group>"; };
		9DAEDD88294BBB80006EB156 /* StoryBundle.swift */ = {isa = PBXFileReference; lastKnownFileType = sourcecode.swift; path = StoryBundle.swift; sourceTree = "<group>"; };
		9DAEDD8A294BBBBF006EB156 /* ProfileView.swift */ = {isa = PBXFileReference; lastKnownFileType = sourcecode.swift; path = ProfileView.swift; sourceTree = "<group>"; };
		9DAEDD8C294BBC13006EB156 /* CommentView.swift */ = {isa = PBXFileReference; lastKnownFileType = sourcecode.swift; path = CommentView.swift; sourceTree = "<group>"; };
		9DAEDD8E294BBCCF006EB156 /* ProfilePic.jpg */ = {isa = PBXFileReference; lastKnownFileType = image.jpeg; path = ProfilePic.jpg; sourceTree = "<group>"; };
		9DAEDD90294BBCDC006EB156 /* EmptyTv.png */ = {isa = PBXFileReference; lastKnownFileType = image.png; path = EmptyTv.png; sourceTree = "<group>"; };
		9DAEDD92294CAEBE006EB156 /* SettingsView.swift */ = {isa = PBXFileReference; lastKnownFileType = sourcecode.swift; path = SettingsView.swift; sourceTree = "<group>"; };
/* End PBXFileReference section */

/* Begin PBXFrameworksBuildPhase section */
		9DAEDD52294BBAAE006EB156 /* Frameworks */ = {
			isa = PBXFrameworksBuildPhase;
			buildActionMask = 2147483647;
			files = (
			);
			runOnlyForDeploymentPostprocessing = 0;
		};
		9DAEDD62294BBAAF006EB156 /* Frameworks */ = {
			isa = PBXFrameworksBuildPhase;
			buildActionMask = 2147483647;
			files = (
			);
			runOnlyForDeploymentPostprocessing = 0;
		};
		9DAEDD6C294BBAAF006EB156 /* Frameworks */ = {
			isa = PBXFrameworksBuildPhase;
			buildActionMask = 2147483647;
			files = (
			);
			runOnlyForDeploymentPostprocessing = 0;
		};
/* End PBXFrameworksBuildPhase section */

/* Begin PBXGroup section */
		9DAEDD4C294BBAAE006EB156 = {
			isa = PBXGroup;
			children = (
				9DAEDD57294BBAAE006EB156 /* Be Positive */,
				9DAEDD68294BBAAF006EB156 /* Be PositiveTests */,
				9DAEDD72294BBAAF006EB156 /* Be PositiveUITests */,
				9DAEDD56294BBAAE006EB156 /* Products */,
			);
			sourceTree = "<group>";
		};
		9DAEDD56294BBAAE006EB156 /* Products */ = {
			isa = PBXGroup;
			children = (
				9DAEDD55294BBAAE006EB156 /* Be Positive.app */,
				9DAEDD65294BBAAF006EB156 /* Be PositiveTests.xctest */,
				9DAEDD6F294BBAAF006EB156 /* Be PositiveUITests.xctest */,
			);
			name = Products;
			sourceTree = "<group>";
		};
		9DAEDD57294BBAAE006EB156 /* Be Positive */ = {
			isa = PBXGroup;
			children = (
				9DAEDD58294BBAAE006EB156 /* Be_PositiveApp.swift */,
				9DAEDD5A294BBAAE006EB156 /* ContentView.swift */,
				9DAEDD82294BBAC1006EB156 /* HomeView.swift */,
				9DD5E95729536E9D00DED1B1 /* Camera Interface */,
				9DD5E95929536F3700DED1B1 /* Profile Settings */,
				9DD5E95A29536F4B00DED1B1 /* Bundles */,
				9DD5E95829536EC100DED1B1 /* Story Interface */,
				9DAEDD5C294BBAAF006EB156 /* Assets.xcassets */,
				9DAEDD90294BBCDC006EB156 /* EmptyTv.png */,
				9DAEDD8E294BBCCF006EB156 /* ProfilePic.jpg */,
				9DAEDD5E294BBAAF006EB156 /* Preview Content */,
			);
			path = "Be Positive";
			sourceTree = "<group>";
		};
		9DAEDD5E294BBAAF006EB156 /* Preview Content */ = {
			isa = PBXGroup;
			children = (
				9DAEDD5F294BBAAF006EB156 /* Preview Assets.xcassets */,
			);
			path = "Preview Content";
			sourceTree = "<group>";
		};
		9DAEDD68294BBAAF006EB156 /* Be PositiveTests */ = {
			isa = PBXGroup;
			children = (
				9DAEDD69294BBAAF006EB156 /* Be_PositiveTests.swift */,
			);
			path = "Be PositiveTests";
			sourceTree = "<group>";
		};
		9DAEDD72294BBAAF006EB156 /* Be PositiveUITests */ = {
			isa = PBXGroup;
			children = (
				9DAEDD73294BBAAF006EB156 /* Be_PositiveUITests.swift */,
				9DAEDD75294BBAAF006EB156 /* Be_PositiveUITestsLaunchTests.swift */,
			);
			path = "Be PositiveUITests";
			sourceTree = "<group>";
		};
		9DD5E95729536E9D00DED1B1 /* Camera Interface */ = {
			isa = PBXGroup;
			children = (
				9D50A60329533D2E009C9388 /* ImagePicker.swift */,
			);
			path = "Camera Interface";
			sourceTree = "<group>";
		};
		9DD5E95829536EC100DED1B1 /* Story Interface */ = {
			isa = PBXGroup;
			children = (
				9D1D168129509F140002BC27 /* ProgressBar.swift */,
				9DAEDD84294BBB03006EB156 /* StoryView.swift */,
				9DAEDD8C294BBC13006EB156 /* CommentView.swift */,
			);
			path = "Story Interface";
			sourceTree = "<group>";
		};
		9DD5E95929536F3700DED1B1 /* Profile Settings */ = {
			isa = PBXGroup;
			children = (
				9DAEDD8A294BBBBF006EB156 /* ProfileView.swift */,
				9DAEDD92294CAEBE006EB156 /* SettingsView.swift */,
			);
			path = "Profile Settings";
			sourceTree = "<group>";
		};
		9DD5E95A29536F4B00DED1B1 /* Bundles */ = {
			isa = PBXGroup;
			children = (
				9DAEDD88294BBB80006EB156 /* StoryBundle.swift */,
				9DAEDD86294BBB50006EB156 /* StoryViewModel.swift */,
			);
			path = Bundles;
			sourceTree = "<group>";
		};
/* End PBXGroup section */

/* Begin PBXNativeTarget section */
		9DAEDD54294BBAAE006EB156 /* Be Positive */ = {
			isa = PBXNativeTarget;
			buildConfigurationList = 9DAEDD79294BBAAF006EB156 /* Build configuration list for PBXNativeTarget "Be Positive" */;
			buildPhases = (
				9DAEDD51294BBAAE006EB156 /* Sources */,
				9DAEDD52294BBAAE006EB156 /* Frameworks */,
				9DAEDD53294BBAAE006EB156 /* Resources */,
			);
			buildRules = (
			);
			dependencies = (
			);
			name = "Be Positive";
			productName = "Be Positive";
			productReference = 9DAEDD55294BBAAE006EB156 /* Be Positive.app */;
			productType = "com.apple.product-type.application";
		};
		9DAEDD64294BBAAF006EB156 /* Be PositiveTests */ = {
			isa = PBXNativeTarget;
			buildConfigurationList = 9DAEDD7C294BBAAF006EB156 /* Build configuration list for PBXNativeTarget "Be PositiveTests" */;
			buildPhases = (
				9DAEDD61294BBAAF006EB156 /* Sources */,
				9DAEDD62294BBAAF006EB156 /* Frameworks */,
				9DAEDD63294BBAAF006EB156 /* Resources */,
			);
			buildRules = (
			);
			dependencies = (
				9DAEDD67294BBAAF006EB156 /* PBXTargetDependency */,
			);
			name = "Be PositiveTests";
			productName = "Be PositiveTests";
			productReference = 9DAEDD65294BBAAF006EB156 /* Be PositiveTests.xctest */;
			productType = "com.apple.product-type.bundle.unit-test";
		};
		9DAEDD6E294BBAAF006EB156 /* Be PositiveUITests */ = {
			isa = PBXNativeTarget;
			buildConfigurationList = 9DAEDD7F294BBAAF006EB156 /* Build configuration list for PBXNativeTarget "Be PositiveUITests" */;
			buildPhases = (
				9DAEDD6B294BBAAF006EB156 /* Sources */,
				9DAEDD6C294BBAAF006EB156 /* Frameworks */,
				9DAEDD6D294BBAAF006EB156 /* Resources */,
			);
			buildRules = (
			);
			dependencies = (
				9DAEDD71294BBAAF006EB156 /* PBXTargetDependency */,
			);
			name = "Be PositiveUITests";
			productName = "Be PositiveUITests";
			productReference = 9DAEDD6F294BBAAF006EB156 /* Be PositiveUITests.xctest */;
			productType = "com.apple.product-type.bundle.ui-testing";
		};
/* End PBXNativeTarget section */

/* Begin PBXProject section */
		9DAEDD4D294BBAAE006EB156 /* Project object */ = {
			isa = PBXProject;
			attributes = {
				BuildIndependentTargetsInParallel = 1;
				LastSwiftUpdateCheck = 1420;
				LastUpgradeCheck = 1420;
				TargetAttributes = {
					9DAEDD54294BBAAE006EB156 = {
						CreatedOnToolsVersion = 14.2;
					};
					9DAEDD64294BBAAF006EB156 = {
						CreatedOnToolsVersion = 14.2;
						TestTargetID = 9DAEDD54294BBAAE006EB156;
					};
					9DAEDD6E294BBAAF006EB156 = {
						CreatedOnToolsVersion = 14.2;
						TestTargetID = 9DAEDD54294BBAAE006EB156;
					};
				};
			};
			buildConfigurationList = 9DAEDD50294BBAAE006EB156 /* Build configuration list for PBXProject "Be Positive" */;
			compatibilityVersion = "Xcode 14.0";
			developmentRegion = en;
			hasScannedForEncodings = 0;
			knownRegions = (
				en,
				Base,
			);
			mainGroup = 9DAEDD4C294BBAAE006EB156;
			productRefGroup = 9DAEDD56294BBAAE006EB156 /* Products */;
			projectDirPath = "";
			projectRoot = "";
			targets = (
				9DAEDD54294BBAAE006EB156 /* Be Positive */,
				9DAEDD64294BBAAF006EB156 /* Be PositiveTests */,
				9DAEDD6E294BBAAF006EB156 /* Be PositiveUITests */,
			);
		};
/* End PBXProject section */

/* Begin PBXResourcesBuildPhase section */
		9DAEDD53294BBAAE006EB156 /* Resources */ = {
			isa = PBXResourcesBuildPhase;
			buildActionMask = 2147483647;
			files = (
				9DAEDD8F294BBCCF006EB156 /* ProfilePic.jpg in Resources */,
				9DAEDD60294BBAAF006EB156 /* Preview Assets.xcassets in Resources */,
				9DAEDD5D294BBAAF006EB156 /* Assets.xcassets in Resources */,
				9DAEDD91294BBCDC006EB156 /* EmptyTv.png in Resources */,
			);
			runOnlyForDeploymentPostprocessing = 0;
		};
		9DAEDD63294BBAAF006EB156 /* Resources */ = {
			isa = PBXResourcesBuildPhase;
			buildActionMask = 2147483647;
			files = (
			);
			runOnlyForDeploymentPostprocessing = 0;
		};
		9DAEDD6D294BBAAF006EB156 /* Resources */ = {
			isa = PBXResourcesBuildPhase;
			buildActionMask = 2147483647;
			files = (
			);
			runOnlyForDeploymentPostprocessing = 0;
		};
/* End PBXResourcesBuildPhase section */

/* Begin PBXSourcesBuildPhase section */
		9DAEDD51294BBAAE006EB156 /* Sources */ = {
			isa = PBXSourcesBuildPhase;
			buildActionMask = 2147483647;
			files = (
				9DAEDD83294BBAC1006EB156 /* HomeView.swift in Sources */,
				9DAEDD5B294BBAAE006EB156 /* ContentView.swift in Sources */,
				9DAEDD8D294BBC13006EB156 /* CommentView.swift in Sources */,
				9DAEDD93294CAEBE006EB156 /* SettingsView.swift in Sources */,
				9DAEDD85294BBB03006EB156 /* StoryView.swift in Sources */,
				9DAEDD89294BBB80006EB156 /* StoryBundle.swift in Sources */,
				9DAEDD87294BBB50006EB156 /* StoryViewModel.swift in Sources */,
				9D50A60429533D2E009C9388 /* ImagePicker.swift in Sources */,
				9DAEDD8B294BBBBF006EB156 /* ProfileView.swift in Sources */,
				9D1D168229509F140002BC27 /* ProgressBar.swift in Sources */,
				9DAEDD59294BBAAE006EB156 /* Be_PositiveApp.swift in Sources */,
			);
			runOnlyForDeploymentPostprocessing = 0;
		};
		9DAEDD61294BBAAF006EB156 /* Sources */ = {
			isa = PBXSourcesBuildPhase;
			buildActionMask = 2147483647;
			files = (
				9DAEDD6A294BBAAF006EB156 /* Be_PositiveTests.swift in Sources */,
			);
			runOnlyForDeploymentPostprocessing = 0;
		};
		9DAEDD6B294BBAAF006EB156 /* Sources */ = {
			isa = PBXSourcesBuildPhase;
			buildActionMask = 2147483647;
			files = (
				9DAEDD76294BBAAF006EB156 /* Be_PositiveUITestsLaunchTests.swift in Sources */,
				9DAEDD74294BBAAF006EB156 /* Be_PositiveUITests.swift in Sources */,
			);
			runOnlyForDeploymentPostprocessing = 0;
		};
/* End PBXSourcesBuildPhase section */

/* Begin PBXTargetDependency section */
		9DAEDD67294BBAAF006EB156 /* PBXTargetDependency */ = {
			isa = PBXTargetDependency;
			target = 9DAEDD54294BBAAE006EB156 /* Be Positive */;
			targetProxy = 9DAEDD66294BBAAF006EB156 /* PBXContainerItemProxy */;
		};
		9DAEDD71294BBAAF006EB156 /* PBXTargetDependency */ = {
			isa = PBXTargetDependency;
			target = 9DAEDD54294BBAAE006EB156 /* Be Positive */;
			targetProxy = 9DAEDD70294BBAAF006EB156 /* PBXContainerItemProxy */;
		};
/* End PBXTargetDependency section */

/* Begin XCBuildConfiguration section */
		9DAEDD77294BBAAF006EB156 /* Debug */ = {
			isa = XCBuildConfiguration;
			buildSettings = {
				ALWAYS_SEARCH_USER_PATHS = NO;
				CLANG_ANALYZER_NONNULL = YES;
				CLANG_ANALYZER_NUMBER_OBJECT_CONVERSION = YES_AGGRESSIVE;
				CLANG_CXX_LANGUAGE_STANDARD = "gnu++20";
				CLANG_ENABLE_MODULES = YES;
				CLANG_ENABLE_OBJC_ARC = YES;
				CLANG_ENABLE_OBJC_WEAK = YES;
				CLANG_WARN_BLOCK_CAPTURE_AUTORELEASING = YES;
				CLANG_WARN_BOOL_CONVERSION = YES;
				CLANG_WARN_COMMA = YES;
				CLANG_WARN_CONSTANT_CONVERSION = YES;
				CLANG_WARN_DEPRECATED_OBJC_IMPLEMENTATIONS = YES;
				CLANG_WARN_DIRECT_OBJC_ISA_USAGE = YES_ERROR;
				CLANG_WARN_DOCUMENTATION_COMMENTS = YES;
				CLANG_WARN_EMPTY_BODY = YES;
				CLANG_WARN_ENUM_CONVERSION = YES;
				CLANG_WARN_INFINITE_RECURSION = YES;
				CLANG_WARN_INT_CONVERSION = YES;
				CLANG_WARN_NON_LITERAL_NULL_CONVERSION = YES;
				CLANG_WARN_OBJC_IMPLICIT_RETAIN_SELF = YES;
				CLANG_WARN_OBJC_LITERAL_CONVERSION = YES;
				CLANG_WARN_OBJC_ROOT_CLASS = YES_ERROR;
				CLANG_WARN_QUOTED_INCLUDE_IN_FRAMEWORK_HEADER = YES;
				CLANG_WARN_RANGE_LOOP_ANALYSIS = YES;
				CLANG_WARN_STRICT_PROTOTYPES = YES;
				CLANG_WARN_SUSPICIOUS_MOVE = YES;
				CLANG_WARN_UNGUARDED_AVAILABILITY = YES_AGGRESSIVE;
				CLANG_WARN_UNREACHABLE_CODE = YES;
				CLANG_WARN__DUPLICATE_METHOD_MATCH = YES;
				COPY_PHASE_STRIP = NO;
				DEBUG_INFORMATION_FORMAT = dwarf;
				ENABLE_STRICT_OBJC_MSGSEND = YES;
				ENABLE_TESTABILITY = YES;
				GCC_C_LANGUAGE_STANDARD = gnu11;
				GCC_DYNAMIC_NO_PIC = NO;
				GCC_NO_COMMON_BLOCKS = YES;
				GCC_OPTIMIZATION_LEVEL = 0;
				GCC_PREPROCESSOR_DEFINITIONS = (
					"DEBUG=1",
					"$(inherited)",
				);
				GCC_WARN_64_TO_32_BIT_CONVERSION = YES;
				GCC_WARN_ABOUT_RETURN_TYPE = YES_ERROR;
				GCC_WARN_UNDECLARED_SELECTOR = YES;
				GCC_WARN_UNINITIALIZED_AUTOS = YES_AGGRESSIVE;
				GCC_WARN_UNUSED_FUNCTION = YES;
				GCC_WARN_UNUSED_VARIABLE = YES;
				IPHONEOS_DEPLOYMENT_TARGET = 16.2;
				MTL_ENABLE_DEBUG_INFO = INCLUDE_SOURCE;
				MTL_FAST_MATH = YES;
				ONLY_ACTIVE_ARCH = YES;
				SDKROOT = iphoneos;
				SWIFT_ACTIVE_COMPILATION_CONDITIONS = DEBUG;
				SWIFT_OPTIMIZATION_LEVEL = "-Onone";
			};
			name = Debug;
		};
		9DAEDD78294BBAAF006EB156 /* Release */ = {
			isa = XCBuildConfiguration;
			buildSettings = {
				ALWAYS_SEARCH_USER_PATHS = NO;
				CLANG_ANALYZER_NONNULL = YES;
				CLANG_ANALYZER_NUMBER_OBJECT_CONVERSION = YES_AGGRESSIVE;
				CLANG_CXX_LANGUAGE_STANDARD = "gnu++20";
				CLANG_ENABLE_MODULES = YES;
				CLANG_ENABLE_OBJC_ARC = YES;
				CLANG_ENABLE_OBJC_WEAK = YES;
				CLANG_WARN_BLOCK_CAPTURE_AUTORELEASING = YES;
				CLANG_WARN_BOOL_CONVERSION = YES;
				CLANG_WARN_COMMA = YES;
				CLANG_WARN_CONSTANT_CONVERSION = YES;
				CLANG_WARN_DEPRECATED_OBJC_IMPLEMENTATIONS = YES;
				CLANG_WARN_DIRECT_OBJC_ISA_USAGE = YES_ERROR;
				CLANG_WARN_DOCUMENTATION_COMMENTS = YES;
				CLANG_WARN_EMPTY_BODY = YES;
				CLANG_WARN_ENUM_CONVERSION = YES;
				CLANG_WARN_INFINITE_RECURSION = YES;
				CLANG_WARN_INT_CONVERSION = YES;
				CLANG_WARN_NON_LITERAL_NULL_CONVERSION = YES;
				CLANG_WARN_OBJC_IMPLICIT_RETAIN_SELF = YES;
				CLANG_WARN_OBJC_LITERAL_CONVERSION = YES;
				CLANG_WARN_OBJC_ROOT_CLASS = YES_ERROR;
				CLANG_WARN_QUOTED_INCLUDE_IN_FRAMEWORK_HEADER = YES;
				CLANG_WARN_RANGE_LOOP_ANALYSIS = YES;
				CLANG_WARN_STRICT_PROTOTYPES = YES;
				CLANG_WARN_SUSPICIOUS_MOVE = YES;
				CLANG_WARN_UNGUARDED_AVAILABILITY = YES_AGGRESSIVE;
				CLANG_WARN_UNREACHABLE_CODE = YES;
				CLANG_WARN__DUPLICATE_METHOD_MATCH = YES;
				COPY_PHASE_STRIP = NO;
				DEBUG_INFORMATION_FORMAT = "dwarf-with-dsym";
				ENABLE_NS_ASSERTIONS = NO;
				ENABLE_STRICT_OBJC_MSGSEND = YES;
				GCC_C_LANGUAGE_STANDARD = gnu11;
				GCC_NO_COMMON_BLOCKS = YES;
				GCC_WARN_64_TO_32_BIT_CONVERSION = YES;
				GCC_WARN_ABOUT_RETURN_TYPE = YES_ERROR;
				GCC_WARN_UNDECLARED_SELECTOR = YES;
				GCC_WARN_UNINITIALIZED_AUTOS = YES_AGGRESSIVE;
				GCC_WARN_UNUSED_FUNCTION = YES;
				GCC_WARN_UNUSED_VARIABLE = YES;
				IPHONEOS_DEPLOYMENT_TARGET = 16.2;
				MTL_ENABLE_DEBUG_INFO = NO;
				MTL_FAST_MATH = YES;
				SDKROOT = iphoneos;
				SWIFT_COMPILATION_MODE = wholemodule;
				SWIFT_OPTIMIZATION_LEVEL = "-O";
				VALIDATE_PRODUCT = YES;
			};
			name = Release;
		};
		9DAEDD7A294BBAAF006EB156 /* Debug */ = {
			isa = XCBuildConfiguration;
			buildSettings = {
				ASSETCATALOG_COMPILER_APPICON_NAME = AppIcon;
				ASSETCATALOG_COMPILER_GLOBAL_ACCENT_COLOR_NAME = AccentColor;
				CODE_SIGN_STYLE = Automatic;
				CURRENT_PROJECT_VERSION = 1;
				DEVELOPMENT_ASSET_PATHS = "\"Be Positive/Preview Content\"";
				DEVELOPMENT_TEAM = 5D4562UP4J;
				ENABLE_PREVIEWS = YES;
				GENERATE_INFOPLIST_FILE = YES;
				INFOPLIST_KEY_CFBundleDisplayName = "B+";
				INFOPLIST_KEY_LSApplicationCategoryType = "public.app-category.social-networking";
				INFOPLIST_KEY_UIApplicationSceneManifest_Generation = YES;
				INFOPLIST_KEY_UIApplicationSupportsIndirectInputEvents = YES;
				INFOPLIST_KEY_UILaunchScreen_Generation = YES;
				INFOPLIST_KEY_UISupportedInterfaceOrientations_iPad = "UIInterfaceOrientationPortrait UIInterfaceOrientationPortraitUpsideDown UIInterfaceOrientationLandscapeLeft UIInterfaceOrientationLandscapeRight";
				INFOPLIST_KEY_UISupportedInterfaceOrientations_iPhone = "UIInterfaceOrientationPortrait UIInterfaceOrientationLandscapeLeft UIInterfaceOrientationLandscapeRight";
				LD_RUNPATH_SEARCH_PATHS = (
					"$(inherited)",
					"@executable_path/Frameworks",
				);
				MARKETING_VERSION = 1.0;
				PRODUCT_BUNDLE_IDENTIFIER = "apple-develper-academy.Be-Positive";
				PRODUCT_NAME = "$(TARGET_NAME)";
				SWIFT_EMIT_LOC_STRINGS = YES;
				SWIFT_VERSION = 5.0;
				TARGETED_DEVICE_FAMILY = "1,2";
			};
			name = Debug;
		};
		9DAEDD7B294BBAAF006EB156 /* Release */ = {
			isa = XCBuildConfiguration;
			buildSettings = {
				ASSETCATALOG_COMPILER_APPICON_NAME = AppIcon;
				ASSETCATALOG_COMPILER_GLOBAL_ACCENT_COLOR_NAME = AccentColor;
				CODE_SIGN_STYLE = Automatic;
				CURRENT_PROJECT_VERSION = 1;
				DEVELOPMENT_ASSET_PATHS = "\"Be Positive/Preview Content\"";
				DEVELOPMENT_TEAM = 5D4562UP4J;
				ENABLE_PREVIEWS = YES;
				GENERATE_INFOPLIST_FILE = YES;
				INFOPLIST_KEY_CFBundleDisplayName = "B+";
				INFOPLIST_KEY_LSApplicationCategoryType = "public.app-category.social-networking";
				INFOPLIST_KEY_UIApplicationSceneManifest_Generation = YES;
				INFOPLIST_KEY_UIApplicationSupportsIndirectInputEvents = YES;
				INFOPLIST_KEY_UILaunchScreen_Generation = YES;
				INFOPLIST_KEY_UISupportedInterfaceOrientations_iPad = "UIInterfaceOrientationPortrait UIInterfaceOrientationPortraitUpsideDown UIInterfaceOrientationLandscapeLeft UIInterfaceOrientationLandscapeRight";
				INFOPLIST_KEY_UISupportedInterfaceOrientations_iPhone = "UIInterfaceOrientationPortrait UIInterfaceOrientationLandscapeLeft UIInterfaceOrientationLandscapeRight";
				LD_RUNPATH_SEARCH_PATHS = (
					"$(inherited)",
					"@executable_path/Frameworks",
				);
				MARKETING_VERSION = 1.0;
				PRODUCT_BUNDLE_IDENTIFIER = "apple-develper-academy.Be-Positive";
				PRODUCT_NAME = "$(TARGET_NAME)";
				SWIFT_EMIT_LOC_STRINGS = YES;
				SWIFT_VERSION = 5.0;
				TARGETED_DEVICE_FAMILY = "1,2";
			};
			name = Release;
		};
		9DAEDD7D294BBAAF006EB156 /* Debug */ = {
			isa = XCBuildConfiguration;
			buildSettings = {
				ALWAYS_EMBED_SWIFT_STANDARD_LIBRARIES = YES;
				BUNDLE_LOADER = "$(TEST_HOST)";
				CODE_SIGN_STYLE = Automatic;
				CURRENT_PROJECT_VERSION = 1;
				DEVELOPMENT_TEAM = 5D4562UP4J;
				GENERATE_INFOPLIST_FILE = YES;
				IPHONEOS_DEPLOYMENT_TARGET = 16.2;
				MARKETING_VERSION = 1.0;
				PRODUCT_BUNDLE_IDENTIFIER = "apple-develper-academy.Be-PositiveTests";
				PRODUCT_NAME = "$(TARGET_NAME)";
				SWIFT_EMIT_LOC_STRINGS = NO;
				SWIFT_VERSION = 5.0;
				TARGETED_DEVICE_FAMILY = "1,2";
				TEST_HOST = "$(BUILT_PRODUCTS_DIR)/Be Positive.app/$(BUNDLE_EXECUTABLE_FOLDER_PATH)/Be Positive";
			};
			name = Debug;
		};
		9DAEDD7E294BBAAF006EB156 /* Release */ = {
			isa = XCBuildConfiguration;
			buildSettings = {
				ALWAYS_EMBED_SWIFT_STANDARD_LIBRARIES = YES;
				BUNDLE_LOADER = "$(TEST_HOST)";
				CODE_SIGN_STYLE = Automatic;
				CURRENT_PROJECT_VERSION = 1;
				DEVELOPMENT_TEAM = 5D4562UP4J;
				GENERATE_INFOPLIST_FILE = YES;
				IPHONEOS_DEPLOYMENT_TARGET = 16.2;
				MARKETING_VERSION = 1.0;
				PRODUCT_BUNDLE_IDENTIFIER = "apple-develper-academy.Be-PositiveTests";
				PRODUCT_NAME = "$(TARGET_NAME)";
				SWIFT_EMIT_LOC_STRINGS = NO;
				SWIFT_VERSION = 5.0;
				TARGETED_DEVICE_FAMILY = "1,2";
				TEST_HOST = "$(BUILT_PRODUCTS_DIR)/Be Positive.app/$(BUNDLE_EXECUTABLE_FOLDER_PATH)/Be Positive";
			};
			name = Release;
		};
		9DAEDD80294BBAAF006EB156 /* Debug */ = {
			isa = XCBuildConfiguration;
			buildSettings = {
				ALWAYS_EMBED_SWIFT_STANDARD_LIBRARIES = YES;
				CODE_SIGN_STYLE = Automatic;
				CURRENT_PROJECT_VERSION = 1;
				DEVELOPMENT_TEAM = 5D4562UP4J;
				GENERATE_INFOPLIST_FILE = YES;
				MARKETING_VERSION = 1.0;
				PRODUCT_BUNDLE_IDENTIFIER = "apple-develper-academy.Be-PositiveUITests";
				PRODUCT_NAME = "$(TARGET_NAME)";
				SWIFT_EMIT_LOC_STRINGS = NO;
				SWIFT_VERSION = 5.0;
				TARGETED_DEVICE_FAMILY = "1,2";
				TEST_TARGET_NAME = "Be Positive";
			};
			name = Debug;
		};
		9DAEDD81294BBAAF006EB156 /* Release */ = {
			isa = XCBuildConfiguration;
			buildSettings = {
				ALWAYS_EMBED_SWIFT_STANDARD_LIBRARIES = YES;
				CODE_SIGN_STYLE = Automatic;
				CURRENT_PROJECT_VERSION = 1;
				DEVELOPMENT_TEAM = 5D4562UP4J;
				GENERATE_INFOPLIST_FILE = YES;
				MARKETING_VERSION = 1.0;
				PRODUCT_BUNDLE_IDENTIFIER = "apple-develper-academy.Be-PositiveUITests";
				PRODUCT_NAME = "$(TARGET_NAME)";
				SWIFT_EMIT_LOC_STRINGS = NO;
				SWIFT_VERSION = 5.0;
				TARGETED_DEVICE_FAMILY = "1,2";
				TEST_TARGET_NAME = "Be Positive";
			};
			name = Release;
		};
/* End XCBuildConfiguration section */

/* Begin XCConfigurationList section */
		9DAEDD50294BBAAE006EB156 /* Build configuration list for PBXProject "Be Positive" */ = {
			isa = XCConfigurationList;
			buildConfigurations = (
				9DAEDD77294BBAAF006EB156 /* Debug */,
				9DAEDD78294BBAAF006EB156 /* Release */,
			);
			defaultConfigurationIsVisible = 0;
			defaultConfigurationName = Release;
		};
		9DAEDD79294BBAAF006EB156 /* Build configuration list for PBXNativeTarget "Be Positive" */ = {
			isa = XCConfigurationList;
			buildConfigurations = (
				9DAEDD7A294BBAAF006EB156 /* Debug */,
				9DAEDD7B294BBAAF006EB156 /* Release */,
			);
			defaultConfigurationIsVisible = 0;
			defaultConfigurationName = Release;
		};
		9DAEDD7C294BBAAF006EB156 /* Build configuration list for PBXNativeTarget "Be PositiveTests" */ = {
			isa = XCConfigurationList;
			buildConfigurations = (
				9DAEDD7D294BBAAF006EB156 /* Debug */,
				9DAEDD7E294BBAAF006EB156 /* Release */,
			);
			defaultConfigurationIsVisible = 0;
			defaultConfigurationName = Release;
		};
		9DAEDD7F294BBAAF006EB156 /* Build configuration list for PBXNativeTarget "Be PositiveUITests" */ = {
			isa = XCConfigurationList;
			buildConfigurations = (
				9DAEDD80294BBAAF006EB156 /* Debug */,
				9DAEDD81294BBAAF006EB156 /* Release */,
			);
			defaultConfigurationIsVisible = 0;
			defaultConfigurationName = Release;
		};
/* End XCConfigurationList section */
	};
	rootObject = 9DAEDD4D294BBAAE006EB156 /* Project object */;
}
